// !$*UTF8*$!
{
	archiveVersion = 1;
	classes = {
	};
	objectVersion = 46;
	objects = {

/* Begin PBXBuildFile section */
		416FD72D161A0FFF00AEA066 /* alloc.h in Headers */ = {isa = PBXBuildFile; fileRef = 416FD713161A0FFF00AEA066 /* alloc.h */; settings = {ATTRIBUTES = (Public, ); }; };
		416FD72E161A0FFF00AEA066 /* buffer.h in Headers */ = {isa = PBXBuildFile; fileRef = 416FD714161A0FFF00AEA066 /* buffer.h */; settings = {ATTRIBUTES = (Public, ); }; };
		416FD72F161A0FFF00AEA066 /* jemalloc.h in Headers */ = {isa = PBXBuildFile; fileRef = 416FD716161A0FFF00AEA066 /* jemalloc.h */; settings = {ATTRIBUTES = (Private, ); }; };
		416FD730161A0FFF00AEA066 /* jemalloc_config.h in Headers */ = {isa = PBXBuildFile; fileRef = 416FD717161A0FFF00AEA066 /* jemalloc_config.h */; settings = {ATTRIBUTES = (Private, ); }; };
		416FD731161A0FFF00AEA066 /* jemalloc_types.h in Headers */ = {isa = PBXBuildFile; fileRef = 416FD718161A0FFF00AEA066 /* jemalloc_types.h */; settings = {ATTRIBUTES = (Private, ); }; };
		416FD732161A0FFF00AEA066 /* mem.h in Headers */ = {isa = PBXBuildFile; fileRef = 416FD719161A0FFF00AEA066 /* mem.h */; settings = {ATTRIBUTES = (Public, ); }; };
		416FD734161A0FFF00AEA066 /* buffer.c in Sources */ = {isa = PBXBuildFile; fileRef = 416FD71D161A0FFF00AEA066 /* buffer.c */; };
		416FD736161A0FFF00AEA066 /* internal.h in Headers */ = {isa = PBXBuildFile; fileRef = 416FD71F161A0FFF00AEA066 /* internal.h */; };
		416FD737161A0FFF00AEA066 /* jemalloc.c in Sources */ = {isa = PBXBuildFile; fileRef = 416FD721161A0FFF00AEA066 /* jemalloc.c */; };
		416FD739161A0FFF00AEA066 /* linkedlist.h in Headers */ = {isa = PBXBuildFile; fileRef = 416FD723161A0FFF00AEA066 /* linkedlist.h */; settings = {ATTRIBUTES = (Private, ); }; };
		416FD73A161A0FFF00AEA066 /* osx_zone_types.h in Headers */ = {isa = PBXBuildFile; fileRef = 416FD724161A0FFF00AEA066 /* osx_zone_types.h */; settings = {ATTRIBUTES = (Private, ); }; };
		416FD73B161A0FFF00AEA066 /* ql.h in Headers */ = {isa = PBXBuildFile; fileRef = 416FD725161A0FFF00AEA066 /* ql.h */; settings = {ATTRIBUTES = (Private, ); }; };
		416FD73C161A0FFF00AEA066 /* qr.h in Headers */ = {isa = PBXBuildFile; fileRef = 416FD726161A0FFF00AEA066 /* qr.h */; settings = {ATTRIBUTES = (Private, ); }; };
		416FD73D161A0FFF00AEA066 /* rb.h in Headers */ = {isa = PBXBuildFile; fileRef = 416FD727161A0FFF00AEA066 /* rb.h */; settings = {ATTRIBUTES = (Private, ); }; };
		416FD740161A0FFF00AEA066 /* test.h in Headers */ = {isa = PBXBuildFile; fileRef = 416FD72C161A0FFF00AEA066 /* test.h */; };
		416FD744161A11D700AEA066 /* alloc.c in Sources */ = {isa = PBXBuildFile; fileRef = 416FD743161A11D700AEA066 /* alloc.c */; };
		416FD754161A135A00AEA066 /* run-tests.c in Sources */ = {isa = PBXBuildFile; fileRef = 416FD72A161A0FFF00AEA066 /* run-tests.c */; };
		416FD755161A135A00AEA066 /* test.c in Sources */ = {isa = PBXBuildFile; fileRef = 416FD72B161A0FFF00AEA066 /* test.c */; };
		416FD758161A136E00AEA066 /* gen-tests.c in Sources */ = {isa = PBXBuildFile; fileRef = 416FD756161A136400AEA066 /* gen-tests.c */; };
		416FD762161A29FD00AEA066 /* test-buffer.c in Sources */ = {isa = PBXBuildFile; fileRef = 416FD761161A29FD00AEA066 /* test-buffer.c */; };
		416FD763161A2BC800AEA066 /* mem.a in Frameworks */ = {isa = PBXBuildFile; fileRef = 416FD6F3161A0F5D00AEA066 /* mem.a */; };
		41A62B4016230EDC009D3762 /* strstack.c in Sources */ = {isa = PBXBuildFile; fileRef = 41A62B3F16230EDC009D3762 /* strstack.c */; };
		41A62B42162315C5009D3762 /* test-strstack.c in Sources */ = {isa = PBXBuildFile; fileRef = 41A62B41162315C5009D3762 /* test-strstack.c */; };
		41A62B4E162433D3009D3762 /* test-array.c in Sources */ = {isa = PBXBuildFile; fileRef = 41A62B4D162433D3009D3762 /* test-array.c */; };
		41A62B4F162498BF009D3762 /* array.h in Headers */ = {isa = PBXBuildFile; fileRef = 41A62B4B16232171009D3762 /* array.h */; settings = {ATTRIBUTES = (Public, ); }; };
		41A62B50162498C4009D3762 /* strstack.h in Headers */ = {isa = PBXBuildFile; fileRef = 41A62B3D16230B45009D3762 /* strstack.h */; settings = {ATTRIBUTES = (Public, ); }; };
		41FA95381626C38800DD147A /* strarray.c in Sources */ = {isa = PBXBuildFile; fileRef = 41FA95371626C38800DD147A /* strarray.c */; };
		41FA953A1626C89500DD147A /* test-strarray.c in Sources */ = {isa = PBXBuildFile; fileRef = 41FA95391626C89500DD147A /* test-strarray.c */; };
		41FA953B1626C8CC00DD147A /* strarray.h in Headers */ = {isa = PBXBuildFile; fileRef = 41FA95351626C27200DD147A /* strarray.h */; settings = {ATTRIBUTES = (Public, ); }; };
/* End PBXBuildFile section */

/* Begin PBXFileReference section */
		416FD6F3161A0F5D00AEA066 /* mem.a */ = {isa = PBXFileReference; explicitFileType = archive.ar; includeInIndex = 0; path = mem.a; sourceTree = BUILT_PRODUCTS_DIR; };
		416FD710161A0FFF00AEA066 /* config-mingw.mk */ = {isa = PBXFileReference; explicitFileType = sourcecode.make; fileEncoding = 4; path = "config-mingw.mk"; sourceTree = "<group>"; };
		416FD711161A0FFF00AEA066 /* config-unix.mk */ = {isa = PBXFileReference; explicitFileType = sourcecode.make; fileEncoding = 4; path = "config-unix.mk"; sourceTree = "<group>"; };
		416FD713161A0FFF00AEA066 /* alloc.h */ = {isa = PBXFileReference; fileEncoding = 4; lastKnownFileType = sourcecode.c.h; path = alloc.h; sourceTree = "<group>"; };
		416FD714161A0FFF00AEA066 /* buffer.h */ = {isa = PBXFileReference; fileEncoding = 4; lastKnownFileType = sourcecode.c.h; path = buffer.h; sourceTree = "<group>"; };
		416FD716161A0FFF00AEA066 /* jemalloc.h */ = {isa = PBXFileReference; fileEncoding = 4; lastKnownFileType = sourcecode.c.h; path = jemalloc.h; sourceTree = "<group>"; };
		416FD717161A0FFF00AEA066 /* jemalloc_config.h */ = {isa = PBXFileReference; fileEncoding = 4; lastKnownFileType = sourcecode.c.h; path = jemalloc_config.h; sourceTree = "<group>"; };
		416FD718161A0FFF00AEA066 /* jemalloc_types.h */ = {isa = PBXFileReference; fileEncoding = 4; lastKnownFileType = sourcecode.c.h; path = jemalloc_types.h; sourceTree = "<group>"; };
		416FD719161A0FFF00AEA066 /* mem.h */ = {isa = PBXFileReference; fileEncoding = 4; lastKnownFileType = sourcecode.c.h; path = mem.h; sourceTree = "<group>"; };
		416FD71A161A0FFF00AEA066 /* LICENSE */ = {isa = PBXFileReference; fileEncoding = 4; lastKnownFileType = text; path = LICENSE; sourceTree = "<group>"; };
		416FD71B161A0FFF00AEA066 /* Makefile */ = {isa = PBXFileReference; explicitFileType = sourcecode.make; fileEncoding = 4; path = Makefile; sourceTree = "<group>"; };
		416FD71D161A0FFF00AEA066 /* buffer.c */ = {isa = PBXFileReference; fileEncoding = 4; lastKnownFileType = sourcecode.c.c; path = buffer.c; sourceTree = "<group>"; };
		416FD71F161A0FFF00AEA066 /* internal.h */ = {isa = PBXFileReference; fileEncoding = 4; lastKnownFileType = sourcecode.c.h; path = internal.h; sourceTree = "<group>"; };
		416FD721161A0FFF00AEA066 /* jemalloc.c */ = {isa = PBXFileReference; fileEncoding = 4; lastKnownFileType = sourcecode.c.c; path = jemalloc.c; sourceTree = "<group>"; };
		416FD723161A0FFF00AEA066 /* linkedlist.h */ = {isa = PBXFileReference; fileEncoding = 4; lastKnownFileType = sourcecode.c.h; path = linkedlist.h; sourceTree = "<group>"; };
		416FD724161A0FFF00AEA066 /* osx_zone_types.h */ = {isa = PBXFileReference; fileEncoding = 4; lastKnownFileType = sourcecode.c.h; path = osx_zone_types.h; sourceTree = "<group>"; };
		416FD725161A0FFF00AEA066 /* ql.h */ = {isa = PBXFileReference; fileEncoding = 4; lastKnownFileType = sourcecode.c.h; path = ql.h; sourceTree = "<group>"; };
		416FD726161A0FFF00AEA066 /* qr.h */ = {isa = PBXFileReference; fileEncoding = 4; lastKnownFileType = sourcecode.c.h; path = qr.h; sourceTree = "<group>"; };
		416FD727161A0FFF00AEA066 /* rb.h */ = {isa = PBXFileReference; fileEncoding = 4; lastKnownFileType = sourcecode.c.h; path = rb.h; sourceTree = "<group>"; };
		416FD729161A0FFF00AEA066 /* gen-tests.sh */ = {isa = PBXFileReference; fileEncoding = 4; lastKnownFileType = text.script.sh; path = "gen-tests.sh"; sourceTree = "<group>"; };
		416FD72A161A0FFF00AEA066 /* run-tests.c */ = {isa = PBXFileReference; fileEncoding = 4; lastKnownFileType = sourcecode.c.c; path = "run-tests.c"; sourceTree = "<group>"; };
		416FD72B161A0FFF00AEA066 /* test.c */ = {isa = PBXFileReference; fileEncoding = 4; lastKnownFileType = sourcecode.c.c; path = test.c; sourceTree = "<group>"; };
		416FD72C161A0FFF00AEA066 /* test.h */ = {isa = PBXFileReference; fileEncoding = 4; lastKnownFileType = sourcecode.c.h; path = test.h; sourceTree = "<group>"; };
		416FD743161A11D700AEA066 /* alloc.c */ = {isa = PBXFileReference; fileEncoding = 4; lastKnownFileType = sourcecode.c.c; path = alloc.c; sourceTree = "<group>"; };
		416FD74A161A130E00AEA066 /* mem-test */ = {isa = PBXFileReference; explicitFileType = "compiled.mach-o.executable"; includeInIndex = 0; path = "mem-test"; sourceTree = BUILT_PRODUCTS_DIR; };
		416FD756161A136400AEA066 /* gen-tests.c */ = {isa = PBXFileReference; fileEncoding = 4; lastKnownFileType = sourcecode.c.c; path = "gen-tests.c"; sourceTree = "<group>"; };
		416FD761161A29FD00AEA066 /* test-buffer.c */ = {isa = PBXFileReference; fileEncoding = 4; lastKnownFileType = sourcecode.c.c; path = "test-buffer.c"; sourceTree = "<group>"; };
		41A62B3D16230B45009D3762 /* strstack.h */ = {isa = PBXFileReference; lastKnownFileType = sourcecode.c.h; path = strstack.h; sourceTree = "<group>"; };
		41A62B3F16230EDC009D3762 /* strstack.c */ = {isa = PBXFileReference; fileEncoding = 4; lastKnownFileType = sourcecode.c.c; path = strstack.c; sourceTree = "<group>"; };
		41A62B41162315C5009D3762 /* test-strstack.c */ = {isa = PBXFileReference; fileEncoding = 4; lastKnownFileType = sourcecode.c.c; path = "test-strstack.c"; sourceTree = "<group>"; };
		41A62B4B16232171009D3762 /* array.h */ = {isa = PBXFileReference; lastKnownFileType = sourcecode.c.h; path = array.h; sourceTree = "<group>"; };
		41A62B4D162433D3009D3762 /* test-array.c */ = {isa = PBXFileReference; fileEncoding = 4; lastKnownFileType = sourcecode.c.c; path = "test-array.c"; sourceTree = "<group>"; };
		41FA95351626C27200DD147A /* strarray.h */ = {isa = PBXFileReference; lastKnownFileType = sourcecode.c.h; path = strarray.h; sourceTree = "<group>"; };
		41FA95371626C38800DD147A /* strarray.c */ = {isa = PBXFileReference; fileEncoding = 4; lastKnownFileType = sourcecode.c.c; path = strarray.c; sourceTree = "<group>"; };
		41FA95391626C89500DD147A /* test-strarray.c */ = {isa = PBXFileReference; fileEncoding = 4; lastKnownFileType = sourcecode.c.c; path = "test-strarray.c"; sourceTree = "<group>"; };
/* End PBXFileReference section */

/* Begin PBXFrameworksBuildPhase section */
		416FD6F0161A0F5D00AEA066 /* Frameworks */ = {
			isa = PBXFrameworksBuildPhase;
			buildActionMask = 2147483647;
			files = (
			);
			runOnlyForDeploymentPostprocessing = 0;
		};
		416FD747161A130E00AEA066 /* Frameworks */ = {
			isa = PBXFrameworksBuildPhase;
			buildActionMask = 2147483647;
			files = (
				416FD763161A2BC800AEA066 /* mem.a in Frameworks */,
			);
			runOnlyForDeploymentPostprocessing = 0;
		};
/* End PBXFrameworksBuildPhase section */

/* Begin PBXGroup section */
		416FD6E8161A0F5D00AEA066 = {
			isa = PBXGroup;
			children = (
				416FD71A161A0FFF00AEA066 /* LICENSE */,
				416FD71B161A0FFF00AEA066 /* Makefile */,
				416FD710161A0FFF00AEA066 /* config-mingw.mk */,
				416FD711161A0FFF00AEA066 /* config-unix.mk */,
				416FD712161A0FFF00AEA066 /* include */,
				416FD71C161A0FFF00AEA066 /* src */,
				416FD728161A0FFF00AEA066 /* test */,
				416FD6F4161A0F5D00AEA066 /* Products */,
			);
			sourceTree = "<group>";
		};
		416FD6F4161A0F5D00AEA066 /* Products */ = {
			isa = PBXGroup;
			children = (
				416FD6F3161A0F5D00AEA066 /* mem.a */,
				416FD74A161A130E00AEA066 /* mem-test */,
			);
			name = Products;
			sourceTree = "<group>";
		};
		416FD712161A0FFF00AEA066 /* include */ = {
			isa = PBXGroup;
			children = (
				416FD715161A0FFF00AEA066 /* mem-private */,
				416FD713161A0FFF00AEA066 /* alloc.h */,
				41A62B4B16232171009D3762 /* array.h */,
				416FD714161A0FFF00AEA066 /* buffer.h */,
				416FD719161A0FFF00AEA066 /* mem.h */,
				41FA95351626C27200DD147A /* strarray.h */,
				41A62B3D16230B45009D3762 /* strstack.h */,
			);
			path = include;
			sourceTree = "<group>";
		};
		416FD715161A0FFF00AEA066 /* mem-private */ = {
			isa = PBXGroup;
			children = (
				416FD716161A0FFF00AEA066 /* jemalloc.h */,
				416FD717161A0FFF00AEA066 /* jemalloc_config.h */,
				416FD718161A0FFF00AEA066 /* jemalloc_types.h */,
			);
			path = "mem-private";
			sourceTree = "<group>";
		};
		416FD71C161A0FFF00AEA066 /* src */ = {
			isa = PBXGroup;
			children = (
				416FD720161A0FFF00AEA066 /* jemalloc */,
				416FD743161A11D700AEA066 /* alloc.c */,
				416FD71D161A0FFF00AEA066 /* buffer.c */,
				41FA95371626C38800DD147A /* strarray.c */,
				41A62B3F16230EDC009D3762 /* strstack.c */,
				416FD71F161A0FFF00AEA066 /* internal.h */,
			);
			path = src;
			sourceTree = "<group>";
		};
		416FD720161A0FFF00AEA066 /* jemalloc */ = {
			isa = PBXGroup;
			children = (
				416FD721161A0FFF00AEA066 /* jemalloc.c */,
				416FD723161A0FFF00AEA066 /* linkedlist.h */,
				416FD724161A0FFF00AEA066 /* osx_zone_types.h */,
				416FD725161A0FFF00AEA066 /* ql.h */,
				416FD726161A0FFF00AEA066 /* qr.h */,
				416FD727161A0FFF00AEA066 /* rb.h */,
			);
			path = jemalloc;
			sourceTree = "<group>";
		};
		416FD728161A0FFF00AEA066 /* test */ = {
			isa = PBXGroup;
			children = (
				416FD729161A0FFF00AEA066 /* gen-tests.sh */,
				416FD756161A136400AEA066 /* gen-tests.c */,
				416FD72A161A0FFF00AEA066 /* run-tests.c */,
				41A62B4D162433D3009D3762 /* test-array.c */,
				416FD761161A29FD00AEA066 /* test-buffer.c */,
				41FA95391626C89500DD147A /* test-strarray.c */,
				41A62B41162315C5009D3762 /* test-strstack.c */,
				416FD72B161A0FFF00AEA066 /* test.c */,
				416FD72C161A0FFF00AEA066 /* test.h */,
			);
			path = test;
			sourceTree = "<group>";
		};
/* End PBXGroup section */

/* Begin PBXHeadersBuildPhase section */
		416FD6F1161A0F5D00AEA066 /* Headers */ = {
			isa = PBXHeadersBuildPhase;
			buildActionMask = 2147483647;
			files = (
				416FD72D161A0FFF00AEA066 /* alloc.h in Headers */,
				41A62B4F162498BF009D3762 /* array.h in Headers */,
				416FD72E161A0FFF00AEA066 /* buffer.h in Headers */,
				416FD732161A0FFF00AEA066 /* mem.h in Headers */,
				41FA953B1626C8CC00DD147A /* strarray.h in Headers */,
				41A62B50162498C4009D3762 /* strstack.h in Headers */,
				416FD72F161A0FFF00AEA066 /* jemalloc.h in Headers */,
				416FD739161A0FFF00AEA066 /* linkedlist.h in Headers */,
				416FD73A161A0FFF00AEA066 /* osx_zone_types.h in Headers */,
				416FD73B161A0FFF00AEA066 /* ql.h in Headers */,
				416FD73C161A0FFF00AEA066 /* qr.h in Headers */,
				416FD73D161A0FFF00AEA066 /* rb.h in Headers */,
				416FD730161A0FFF00AEA066 /* jemalloc_config.h in Headers */,
				416FD731161A0FFF00AEA066 /* jemalloc_types.h in Headers */,
				416FD736161A0FFF00AEA066 /* internal.h in Headers */,
				416FD740161A0FFF00AEA066 /* test.h in Headers */,
			);
			runOnlyForDeploymentPostprocessing = 0;
		};
/* End PBXHeadersBuildPhase section */

/* Begin PBXNativeTarget section */
		416FD6F2161A0F5D00AEA066 /* mem */ = {
			isa = PBXNativeTarget;
			buildConfigurationList = 416FD6F7161A0F5D00AEA066 /* Build configuration list for PBXNativeTarget "mem" */;
			buildPhases = (
				416FD6EF161A0F5D00AEA066 /* Sources */,
				416FD6F0161A0F5D00AEA066 /* Frameworks */,
				416FD6F1161A0F5D00AEA066 /* Headers */,
				416FD745161A12B500AEA066 /* ShellScript */,
			);
			buildRules = (
			);
			dependencies = (
			);
			name = mem;
			productName = mem;
			productReference = 416FD6F3161A0F5D00AEA066 /* mem.a */;
			productType = "com.apple.product-type.library.static";
		};
		416FD749161A130E00AEA066 /* mem-test */ = {
			isa = PBXNativeTarget;
			buildConfigurationList = 416FD751161A130F00AEA066 /* Build configuration list for PBXNativeTarget "mem-test" */;
			buildPhases = (
				416FD746161A130E00AEA066 /* Sources */,
				416FD747161A130E00AEA066 /* Frameworks */,
			);
			buildRules = (
			);
			dependencies = (
			);
			name = "mem-test";
			productName = "mem-test";
			productReference = 416FD74A161A130E00AEA066 /* mem-test */;
			productType = "com.apple.product-type.tool";
		};
/* End PBXNativeTarget section */

/* Begin PBXProject section */
		416FD6EA161A0F5D00AEA066 /* Project object */ = {
			isa = PBXProject;
			attributes = {
				LastUpgradeCheck = 0450;
				ORGANIZATIONNAME = "Jonas Pommerening";
			};
			buildConfigurationList = 416FD6ED161A0F5D00AEA066 /* Build configuration list for PBXProject "mem" */;
			compatibilityVersion = "Xcode 3.2";
			developmentRegion = English;
			hasScannedForEncodings = 0;
			knownRegions = (
				en,
			);
			mainGroup = 416FD6E8161A0F5D00AEA066;
			productRefGroup = 416FD6F4161A0F5D00AEA066 /* Products */;
			projectDirPath = "";
			projectRoot = "";
			targets = (
				416FD6F2161A0F5D00AEA066 /* mem */,
				416FD749161A130E00AEA066 /* mem-test */,
			);
		};
/* End PBXProject section */

/* Begin PBXShellScriptBuildPhase section */
		416FD745161A12B500AEA066 /* ShellScript */ = {
			isa = PBXShellScriptBuildPhase;
			buildActionMask = 2147483647;
			files = (
			);
			inputPaths = (
				"$(SRCROOT)/test/test-buffer.c",
				"$(SRCROOT)/test/test-array.c",
				"$(SRCROOT)/test/test-strarray.c",
				"$(SRCROOT)/test/test-strstack.c",
			);
			outputPaths = (
				"$(SRCROOT)/test/gen-tests.c",
			);
			runOnlyForDeploymentPostprocessing = 0;
			shellPath = /bin/sh;
			shellScript = "declare -a SCRIPT_INPUT_FILES=()\ncd ${PROJECT_DIR}\n\nfor ((i=0; i<${SCRIPT_INPUT_FILE_COUNT}; i++ )) ; do\n  SCRIPT_INPUT_FILES[$i]=`eval echo \\\\${SCRIPT_INPUT_FILE_${i}#${PROJECT_DIR}/}`\ndone\n    \necho \"./test/gen-tests.sh ${SCRIPT_INPUT_FILES[@]} > ${SCRIPT_OUTPUT_FILE_0}\"\n./test/gen-tests.sh \"${SCRIPT_INPUT_FILES[@]}\" > ${SCRIPT_OUTPUT_FILE_0}";
		};
/* End PBXShellScriptBuildPhase section */

/* Begin PBXSourcesBuildPhase section */
		416FD6EF161A0F5D00AEA066 /* Sources */ = {
			isa = PBXSourcesBuildPhase;
			buildActionMask = 2147483647;
			files = (
				416FD734161A0FFF00AEA066 /* buffer.c in Sources */,
				416FD737161A0FFF00AEA066 /* jemalloc.c in Sources */,
				416FD744161A11D700AEA066 /* alloc.c in Sources */,
				416FD762161A29FD00AEA066 /* test-buffer.c in Sources */,
				41A62B4016230EDC009D3762 /* strstack.c in Sources */,
				41FA95381626C38800DD147A /* strarray.c in Sources */,
			);
			runOnlyForDeploymentPostprocessing = 0;
		};
		416FD746161A130E00AEA066 /* Sources */ = {
			isa = PBXSourcesBuildPhase;
			buildActionMask = 2147483647;
			files = (
				416FD754161A135A00AEA066 /* run-tests.c in Sources */,
				416FD755161A135A00AEA066 /* test.c in Sources */,
				416FD758161A136E00AEA066 /* gen-tests.c in Sources */,
				41A62B42162315C5009D3762 /* test-strstack.c in Sources */,
				41A62B4E162433D3009D3762 /* test-array.c in Sources */,
				41FA953A1626C89500DD147A /* test-strarray.c in Sources */,
			);
			runOnlyForDeploymentPostprocessing = 0;
		};
/* End PBXSourcesBuildPhase section */

/* Begin XCBuildConfiguration section */
		416FD6F5161A0F5D00AEA066 /* Debug */ = {
			isa = XCBuildConfiguration;
			buildSettings = {
				ALWAYS_SEARCH_USER_PATHS = NO;
				ARCHS = "$(ARCHS_STANDARD_64_BIT)";
				CLANG_CXX_LANGUAGE_STANDARD = "gnu++0x";
				CLANG_CXX_LIBRARY = "libc++";
				CLANG_WARN_EMPTY_BODY = YES;
				CLANG_WARN__DUPLICATE_METHOD_MATCH = YES;
				COPY_PHASE_STRIP = NO;
				GCC_C_LANGUAGE_STANDARD = gnu99;
				GCC_DYNAMIC_NO_PIC = NO;
				GCC_ENABLE_OBJC_EXCEPTIONS = YES;
				GCC_OPTIMIZATION_LEVEL = 0;
				GCC_PREPROCESSOR_DEFINITIONS = (
					"DEBUG=1",
					"$(inherited)",
				);
				GCC_SYMBOLS_PRIVATE_EXTERN = NO;
				GCC_WARN_64_TO_32_BIT_CONVERSION = YES;
				GCC_WARN_ABOUT_RETURN_TYPE = YES;
				GCC_WARN_UNINITIALIZED_AUTOS = YES;
				GCC_WARN_UNUSED_VARIABLE = YES;
				MACOSX_DEPLOYMENT_TARGET = 10.7;
				ONLY_ACTIVE_ARCH = YES;
				SDKROOT = macosx;
			};
			name = Debug;
		};
		416FD6F6161A0F5D00AEA066 /* Release */ = {
			isa = XCBuildConfiguration;
			buildSettings = {
				ALWAYS_SEARCH_USER_PATHS = NO;
				ARCHS = "$(ARCHS_STANDARD_64_BIT)";
				CLANG_CXX_LANGUAGE_STANDARD = "gnu++0x";
				CLANG_CXX_LIBRARY = "libc++";
				CLANG_WARN_EMPTY_BODY = YES;
				CLANG_WARN__DUPLICATE_METHOD_MATCH = YES;
				COPY_PHASE_STRIP = YES;
				DEBUG_INFORMATION_FORMAT = "dwarf-with-dsym";
				GCC_C_LANGUAGE_STANDARD = gnu99;
				GCC_ENABLE_OBJC_EXCEPTIONS = YES;
				GCC_WARN_64_TO_32_BIT_CONVERSION = YES;
				GCC_WARN_ABOUT_RETURN_TYPE = YES;
				GCC_WARN_UNINITIALIZED_AUTOS = YES;
				GCC_WARN_UNUSED_VARIABLE = YES;
				MACOSX_DEPLOYMENT_TARGET = 10.7;
				SDKROOT = macosx;
			};
			name = Release;
		};
		416FD6F8161A0F5D00AEA066 /* Debug */ = {
			isa = XCBuildConfiguration;
			buildSettings = {
				EXECUTABLE_PREFIX = "";
				PRODUCT_NAME = "$(TARGET_NAME)";
			};
			name = Debug;
		};
		416FD6F9161A0F5D00AEA066 /* Release */ = {
			isa = XCBuildConfiguration;
			buildSettings = {
				EXECUTABLE_PREFIX = "";
				PRODUCT_NAME = "$(TARGET_NAME)";
			};
			name = Release;
		};
		416FD752161A130F00AEA066 /* Debug */ = {
			isa = XCBuildConfiguration;
			buildSettings = {
				GCC_C_LANGUAGE_STANDARD = c99;
				MACOSX_DEPLOYMENT_TARGET = 10.7;
				PRODUCT_NAME = "$(TARGET_NAME)";
			};
			name = Debug;
		};
		416FD753161A130F00AEA066 /* Release */ = {
			isa = XCBuildConfiguration;
			buildSettings = {
				GCC_C_LANGUAGE_STANDARD = c99;
				MACOSX_DEPLOYMENT_TARGET = 10.7;
				PRODUCT_NAME = "$(TARGET_NAME)";
			};
			name = Release;
		};
/* End XCBuildConfiguration section */

/* Begin XCConfigurationList section */
		416FD6ED161A0F5D00AEA066 /* Build configuration list for PBXProject "mem" */ = {
			isa = XCConfigurationList;
			buildConfigurations = (
				416FD6F5161A0F5D00AEA066 /* Debug */,
				416FD6F6161A0F5D00AEA066 /* Release */,
			);
			defaultConfigurationIsVisible = 0;
			defaultConfigurationName = Release;
		};
		416FD6F7161A0F5D00AEA066 /* Build configuration list for PBXNativeTarget "mem" */ = {
			isa = XCConfigurationList;
			buildConfigurations = (
				416FD6F8161A0F5D00AEA066 /* Debug */,
				416FD6F9161A0F5D00AEA066 /* Release */,
			);
			defaultConfigurationIsVisible = 0;
			defaultConfigurationName = Release;
		};
		416FD751161A130F00AEA066 /* Build configuration list for PBXNativeTarget "mem-test" */ = {
			isa = XCConfigurationList;
			buildConfigurations = (
				416FD752161A130F00AEA066 /* Debug */,
				416FD753161A130F00AEA066 /* Release */,
			);
			defaultConfigurationIsVisible = 0;
			defaultConfigurationName = Release;
		};
/* End XCConfigurationList section */
	};
	rootObject = 416FD6EA161A0F5D00AEA066 /* Project object */;
}
